
Microsoft Visual Studio Solution File, Format Version 12.00
Project("{FAE04EC0-301F-11D3-BF4B-00C04F79EFBC}") = "Tailors.Web", "src\Tailors.Web\Tailors.Web.csproj", "{86C0350E-D372-4F39-813A-5CF58F29178F}"
EndProject
Project("{FAE04EC0-301F-11D3-BF4B-00C04F79EFBC}") = "Tailors.Web.Test", "src\Tailors.Web.Test\Tailors.Web.Test.csproj", "{C07E8FBB-1A17-47FB-82C1-A9653A244B08}"
EndProject
Project("{FAE04EC0-301F-11D3-BF4B-00C04F79EFBC}") = "Tailors.User.Test", "src\Tailors.User.Test\Tailors.User.Test.csproj", "{3CD15B19-9E32-4D4A-A466-13A2D7617804}"
EndProject
Project("{FAE04EC0-301F-11D3-BF4B-00C04F79EFBC}") = "Tailors.GenerateFakes", "src\Tailors.GenerateFakes\Tailors.GenerateFakes.csproj", "{A580B502-4FC4-4BA4-9088-667B24EA73C5}"
EndProject
Project("{FAE04EC0-301F-11D3-BF4B-00C04F79EFBC}") = "Tailors.Like", "src\Tailors.Like\Tailors.Like.csproj", "{8657A610-CC20-49E5-8798-DCD207523ED9}"
EndProject
Project("{FAE04EC0-301F-11D3-BF4B-00C04F79EFBC}") = "Tailors.User", "src\Tailors.User\Tailors.User.csproj", "{0DC9A7D7-AC11-4433-BD5D-6CDA39A80FD1}"
EndProject
Project("{FAE04EC0-301F-11D3-BF4B-00C04F79EFBC}") = "Tailors.Like.Test", "src\Tailors.Like.Test\Tailors.Like.Test.csproj", "{E0704DB4-04C8-4DD7-8033-75278E9AEF8D}"
EndProject
Project("{FAE04EC0-301F-11D3-BF4B-00C04F79EFBC}") = "Tailors.Thread", "src\Tailors.Thread\Tailors.Thread.csproj", "{FBD05F00-0BA8-496F-A330-D59B79628CE2}"
EndProject
Project("{FAE04EC0-301F-11D3-BF4B-00C04F79EFBC}") = "Tailors.Thread.Test", "src\Tailors.Thread.Test\Tailors.Thread.Test.csproj", "{F7C54CEF-9F53-4A60-85AC-8C17FEFA622E}"
EndProject
Project("{FAE04EC0-301F-11D3-BF4B-00C04F79EFBC}") = "Tailors.Tweed", "Tailors.Tweed\Tailors.Tweed.csproj", "{263A6574-7626-4D21-BB59-B837F502B01E}"
EndProject
Project("{FAE04EC0-301F-11D3-BF4B-00C04F79EFBC}") = "Tailors.Tweed.Test", "Tailors.Tweed.Test\Tailors.Tweed.Test.csproj", "{AF85EB00-ED4B-4F87-9ADA-887B3D6B2746}"
EndProject
Project("{FAE04EC0-301F-11D3-BF4B-00C04F79EFBC}") = "Tailors.Domain", "src\Tailors.Domain\Tailors.Domain.csproj", "{E0B9DFB8-997C-4B3E-BBCE-9F0EEC329AC9}"
EndProject
Project("{FAE04EC0-301F-11D3-BF4B-00C04F79EFBC}") = "Tailors.Domain.Test", "src\Tailors.Domain.Test\Tailors.Domain.Test.csproj", "{3FC05402-37F7-44A4-962A-FE9C7E285D85}"
EndProject
Project("{FAE04EC0-301F-11D3-BF4B-00C04F79EFBC}") = "Tailors.Infrastructure", "src\Tailors.Infrastructure\Tailors.Infrastructure.csproj", "{8AB218BF-1DB8-45B6-9DE6-C3FBFAD4852A}"
EndProject
Project("{FAE04EC0-301F-11D3-BF4B-00C04F79EFBC}") = "Tailors.Infrastructure.Test", "src\Tailors.Infrastructure.Test\Tailors.Infrastructure.Test.csproj", "{481F1989-46E8-49D3-B487-B5072EAD2EA1}"
EndProject
Global
	GlobalSection(SolutionConfigurationPlatforms) = preSolution
		Debug|Any CPU = Debug|Any CPU
		Release|Any CPU = Release|Any CPU
	EndGlobalSection
	GlobalSection(ProjectConfigurationPlatforms) = postSolution
		{86C0350E-D372-4F39-813A-5CF58F29178F}.Debug|Any CPU.ActiveCfg = Debug|Any CPU
		{86C0350E-D372-4F39-813A-5CF58F29178F}.Debug|Any CPU.Build.0 = Debug|Any CPU
		{86C0350E-D372-4F39-813A-5CF58F29178F}.Release|Any CPU.ActiveCfg = Release|Any CPU
		{86C0350E-D372-4F39-813A-5CF58F29178F}.Release|Any CPU.Build.0 = Release|Any CPU
		{C07E8FBB-1A17-47FB-82C1-A9653A244B08}.Debug|Any CPU.ActiveCfg = Debug|Any CPU
		{C07E8FBB-1A17-47FB-82C1-A9653A244B08}.Debug|Any CPU.Build.0 = Debug|Any CPU
		{C07E8FBB-1A17-47FB-82C1-A9653A244B08}.Release|Any CPU.ActiveCfg = Release|Any CPU
		{C07E8FBB-1A17-47FB-82C1-A9653A244B08}.Release|Any CPU.Build.0 = Release|Any CPU
		{3CD15B19-9E32-4D4A-A466-13A2D7617804}.Debug|Any CPU.ActiveCfg = Debug|Any CPU
		{3CD15B19-9E32-4D4A-A466-13A2D7617804}.Debug|Any CPU.Build.0 = Debug|Any CPU
		{3CD15B19-9E32-4D4A-A466-13A2D7617804}.Release|Any CPU.ActiveCfg = Release|Any CPU
		{3CD15B19-9E32-4D4A-A466-13A2D7617804}.Release|Any CPU.Build.0 = Release|Any CPU
		{A580B502-4FC4-4BA4-9088-667B24EA73C5}.Debug|Any CPU.ActiveCfg = Debug|Any CPU
		{A580B502-4FC4-4BA4-9088-667B24EA73C5}.Debug|Any CPU.Build.0 = Debug|Any CPU
		{A580B502-4FC4-4BA4-9088-667B24EA73C5}.Release|Any CPU.ActiveCfg = Release|Any CPU
		{A580B502-4FC4-4BA4-9088-667B24EA73C5}.Release|Any CPU.Build.0 = Release|Any CPU
		{8657A610-CC20-49E5-8798-DCD207523ED9}.Debug|Any CPU.ActiveCfg = Debug|Any CPU
		{8657A610-CC20-49E5-8798-DCD207523ED9}.Debug|Any CPU.Build.0 = Debug|Any CPU
		{8657A610-CC20-49E5-8798-DCD207523ED9}.Release|Any CPU.ActiveCfg = Release|Any CPU
		{8657A610-CC20-49E5-8798-DCD207523ED9}.Release|Any CPU.Build.0 = Release|Any CPU
		{0DC9A7D7-AC11-4433-BD5D-6CDA39A80FD1}.Debug|Any CPU.ActiveCfg = Debug|Any CPU
		{0DC9A7D7-AC11-4433-BD5D-6CDA39A80FD1}.Debug|Any CPU.Build.0 = Debug|Any CPU
		{0DC9A7D7-AC11-4433-BD5D-6CDA39A80FD1}.Release|Any CPU.ActiveCfg = Release|Any CPU
		{0DC9A7D7-AC11-4433-BD5D-6CDA39A80FD1}.Release|Any CPU.Build.0 = Release|Any CPU
		{E0704DB4-04C8-4DD7-8033-75278E9AEF8D}.Debug|Any CPU.ActiveCfg = Debug|Any CPU
		{E0704DB4-04C8-4DD7-8033-75278E9AEF8D}.Debug|Any CPU.Build.0 = Debug|Any CPU
		{E0704DB4-04C8-4DD7-8033-75278E9AEF8D}.Release|Any CPU.ActiveCfg = Release|Any CPU
		{E0704DB4-04C8-4DD7-8033-75278E9AEF8D}.Release|Any CPU.Build.0 = Release|Any CPU
		{FBD05F00-0BA8-496F-A330-D59B79628CE2}.Debug|Any CPU.ActiveCfg = Debug|Any CPU
		{FBD05F00-0BA8-496F-A330-D59B79628CE2}.Debug|Any CPU.Build.0 = Debug|Any CPU
		{FBD05F00-0BA8-496F-A330-D59B79628CE2}.Release|Any CPU.ActiveCfg = Release|Any CPU
		{FBD05F00-0BA8-496F-A330-D59B79628CE2}.Release|Any CPU.Build.0 = Release|Any CPU
		{F7C54CEF-9F53-4A60-85AC-8C17FEFA622E}.Debug|Any CPU.ActiveCfg = Debug|Any CPU
		{F7C54CEF-9F53-4A60-85AC-8C17FEFA622E}.Debug|Any CPU.Build.0 = Debug|Any CPU
		{F7C54CEF-9F53-4A60-85AC-8C17FEFA622E}.Release|Any CPU.ActiveCfg = Release|Any CPU
		{F7C54CEF-9F53-4A60-85AC-8C17FEFA622E}.Release|Any CPU.Build.0 = Release|Any CPU
		{263A6574-7626-4D21-BB59-B837F502B01E}.Debug|Any CPU.ActiveCfg = Debug|Any CPU
		{263A6574-7626-4D21-BB59-B837F502B01E}.Debug|Any CPU.Build.0 = Debug|Any CPU
		{263A6574-7626-4D21-BB59-B837F502B01E}.Release|Any CPU.ActiveCfg = Release|Any CPU
		{263A6574-7626-4D21-BB59-B837F502B01E}.Release|Any CPU.Build.0 = Release|Any CPU
		{AF85EB00-ED4B-4F87-9ADA-887B3D6B2746}.Debug|Any CPU.ActiveCfg = Debug|Any CPU
		{AF85EB00-ED4B-4F87-9ADA-887B3D6B2746}.Debug|Any CPU.Build.0 = Debug|Any CPU
		{AF85EB00-ED4B-4F87-9ADA-887B3D6B2746}.Release|Any CPU.ActiveCfg = Release|Any CPU
		{AF85EB00-ED4B-4F87-9ADA-887B3D6B2746}.Release|Any CPU.Build.0 = Release|Any CPU
		{E0B9DFB8-997C-4B3E-BBCE-9F0EEC329AC9}.Debug|Any CPU.ActiveCfg = Debug|Any CPU
		{E0B9DFB8-997C-4B3E-BBCE-9F0EEC329AC9}.Debug|Any CPU.Build.0 = Debug|Any CPU
		{E0B9DFB8-997C-4B3E-BBCE-9F0EEC329AC9}.Release|Any CPU.ActiveCfg = Release|Any CPU
		{E0B9DFB8-997C-4B3E-BBCE-9F0EEC329AC9}.Release|Any CPU.Build.0 = Release|Any CPU
		{3FC05402-37F7-44A4-962A-FE9C7E285D85}.Debug|Any CPU.ActiveCfg = Debug|Any CPU
		{3FC05402-37F7-44A4-962A-FE9C7E285D85}.Debug|Any CPU.Build.0 = Debug|Any CPU
		{3FC05402-37F7-44A4-962A-FE9C7E285D85}.Release|Any CPU.ActiveCfg = Release|Any CPU
		{3FC05402-37F7-44A4-962A-FE9C7E285D85}.Release|Any CPU.Build.0 = Release|Any CPU
		{8AB218BF-1DB8-45B6-9DE6-C3FBFAD4852A}.Debug|Any CPU.ActiveCfg = Debug|Any CPU
		{8AB218BF-1DB8-45B6-9DE6-C3FBFAD4852A}.Debug|Any CPU.Build.0 = Debug|Any CPU
		{8AB218BF-1DB8-45B6-9DE6-C3FBFAD4852A}.Release|Any CPU.ActiveCfg = Release|Any CPU
		{8AB218BF-1DB8-45B6-9DE6-C3FBFAD4852A}.Release|Any CPU.Build.0 = Release|Any CPU
		{481F1989-46E8-49D3-B487-B5072EAD2EA1}.Debug|Any CPU.ActiveCfg = Debug|Any CPU
		{481F1989-46E8-49D3-B487-B5072EAD2EA1}.Debug|Any CPU.Build.0 = Debug|Any CPU
		{481F1989-46E8-49D3-B487-B5072EAD2EA1}.Release|Any CPU.ActiveCfg = Release|Any CPU
		{481F1989-46E8-49D3-B487-B5072EAD2EA1}.Release|Any CPU.Build.0 = Release|Any CPU
	EndGlobalSection
EndGlobal
