
Microsoft Visual Studio Solution File, Format Version 12.00
Project("{FAE04EC0-301F-11D3-BF4B-00C04F79EFBC}") = "Tweed.Web", "src\Tweed.Web\Tweed.Web.csproj", "{86C0350E-D372-4F39-813A-5CF58F29178F}"
EndProject
Project("{FAE04EC0-301F-11D3-BF4B-00C04F79EFBC}") = "Tweed.Web.Test", "src\Tweed.Web.Test\Tweed.Web.Test.csproj", "{C07E8FBB-1A17-47FB-82C1-A9653A244B08}"
EndProject
Project("{FAE04EC0-301F-11D3-BF4B-00C04F79EFBC}") = "Tweed.User", "src\Tweed.User\Tweed.User.csproj", "{6604811C-10A5-494A-AA1A-B0E98CD3EECF}"
EndProject
Project("{FAE04EC0-301F-11D3-BF4B-00C04F79EFBC}") = "Tweed.User.Test", "src\Tweed.User.Test\Tweed.User.Test.csproj", "{3CD15B19-9E32-4D4A-A466-13A2D7617804}"
EndProject
Project("{FAE04EC0-301F-11D3-BF4B-00C04F79EFBC}") = "Tweed.GenerateFakes", "src\Tweed.GenerateFakes\Tweed.GenerateFakes.csproj", "{A580B502-4FC4-4BA4-9088-667B24EA73C5}"
EndProject
Project("{FAE04EC0-301F-11D3-BF4B-00C04F79EFBC}") = "Tweed.Like", "Tweed.Like\Tweed.Like.csproj", "{3784BE3E-AE54-4636-B0DC-7EC86074A466}"
EndProject
Project("{FAE04EC0-301F-11D3-BF4B-00C04F79EFBC}") = "Tweed.Like.Test", "Tweed.Like.Test\Tweed.Like.Test.csproj", "{4DCA377F-043D-4479-ABB4-7513D0E38819}"
EndProject
Project("{FAE04EC0-301F-11D3-BF4B-00C04F79EFBC}") = "Tweed.Thread", "Tweed.Thread\Tweed.Thread.csproj", "{545B9A1B-2BCD-402F-8802-87E25F9D952B}"
EndProject
Project("{FAE04EC0-301F-11D3-BF4B-00C04F79EFBC}") = "Tweed.Thread.Test", "Tweed.Thread.Test\Tweed.Thread.Test.csproj", "{42989E61-DF4A-4A52-843B-69731483F28A}"
EndProject
Global
	GlobalSection(SolutionConfigurationPlatforms) = preSolution
		Debug|Any CPU = Debug|Any CPU
		Release|Any CPU = Release|Any CPU
	EndGlobalSection
	GlobalSection(ProjectConfigurationPlatforms) = postSolution
		{86C0350E-D372-4F39-813A-5CF58F29178F}.Debug|Any CPU.ActiveCfg = Debug|Any CPU
		{86C0350E-D372-4F39-813A-5CF58F29178F}.Debug|Any CPU.Build.0 = Debug|Any CPU
		{86C0350E-D372-4F39-813A-5CF58F29178F}.Release|Any CPU.ActiveCfg = Release|Any CPU
		{86C0350E-D372-4F39-813A-5CF58F29178F}.Release|Any CPU.Build.0 = Release|Any CPU
		{C07E8FBB-1A17-47FB-82C1-A9653A244B08}.Debug|Any CPU.ActiveCfg = Debug|Any CPU
		{C07E8FBB-1A17-47FB-82C1-A9653A244B08}.Debug|Any CPU.Build.0 = Debug|Any CPU
		{C07E8FBB-1A17-47FB-82C1-A9653A244B08}.Release|Any CPU.ActiveCfg = Release|Any CPU
		{C07E8FBB-1A17-47FB-82C1-A9653A244B08}.Release|Any CPU.Build.0 = Release|Any CPU
		{6604811C-10A5-494A-AA1A-B0E98CD3EECF}.Debug|Any CPU.ActiveCfg = Debug|Any CPU
		{6604811C-10A5-494A-AA1A-B0E98CD3EECF}.Debug|Any CPU.Build.0 = Debug|Any CPU
		{6604811C-10A5-494A-AA1A-B0E98CD3EECF}.Release|Any CPU.ActiveCfg = Release|Any CPU
		{6604811C-10A5-494A-AA1A-B0E98CD3EECF}.Release|Any CPU.Build.0 = Release|Any CPU
		{3CD15B19-9E32-4D4A-A466-13A2D7617804}.Debug|Any CPU.ActiveCfg = Debug|Any CPU
		{3CD15B19-9E32-4D4A-A466-13A2D7617804}.Debug|Any CPU.Build.0 = Debug|Any CPU
		{3CD15B19-9E32-4D4A-A466-13A2D7617804}.Release|Any CPU.ActiveCfg = Release|Any CPU
		{3CD15B19-9E32-4D4A-A466-13A2D7617804}.Release|Any CPU.Build.0 = Release|Any CPU
		{A580B502-4FC4-4BA4-9088-667B24EA73C5}.Debug|Any CPU.ActiveCfg = Debug|Any CPU
		{A580B502-4FC4-4BA4-9088-667B24EA73C5}.Debug|Any CPU.Build.0 = Debug|Any CPU
		{A580B502-4FC4-4BA4-9088-667B24EA73C5}.Release|Any CPU.ActiveCfg = Release|Any CPU
		{A580B502-4FC4-4BA4-9088-667B24EA73C5}.Release|Any CPU.Build.0 = Release|Any CPU
		{3784BE3E-AE54-4636-B0DC-7EC86074A466}.Debug|Any CPU.ActiveCfg = Debug|Any CPU
		{3784BE3E-AE54-4636-B0DC-7EC86074A466}.Debug|Any CPU.Build.0 = Debug|Any CPU
		{3784BE3E-AE54-4636-B0DC-7EC86074A466}.Release|Any CPU.ActiveCfg = Release|Any CPU
		{3784BE3E-AE54-4636-B0DC-7EC86074A466}.Release|Any CPU.Build.0 = Release|Any CPU
		{4DCA377F-043D-4479-ABB4-7513D0E38819}.Debug|Any CPU.ActiveCfg = Debug|Any CPU
		{4DCA377F-043D-4479-ABB4-7513D0E38819}.Debug|Any CPU.Build.0 = Debug|Any CPU
		{4DCA377F-043D-4479-ABB4-7513D0E38819}.Release|Any CPU.ActiveCfg = Release|Any CPU
		{4DCA377F-043D-4479-ABB4-7513D0E38819}.Release|Any CPU.Build.0 = Release|Any CPU
		{545B9A1B-2BCD-402F-8802-87E25F9D952B}.Debug|Any CPU.ActiveCfg = Debug|Any CPU
		{545B9A1B-2BCD-402F-8802-87E25F9D952B}.Debug|Any CPU.Build.0 = Debug|Any CPU
		{545B9A1B-2BCD-402F-8802-87E25F9D952B}.Release|Any CPU.ActiveCfg = Release|Any CPU
		{545B9A1B-2BCD-402F-8802-87E25F9D952B}.Release|Any CPU.Build.0 = Release|Any CPU
		{42989E61-DF4A-4A52-843B-69731483F28A}.Debug|Any CPU.ActiveCfg = Debug|Any CPU
		{42989E61-DF4A-4A52-843B-69731483F28A}.Debug|Any CPU.Build.0 = Debug|Any CPU
		{42989E61-DF4A-4A52-843B-69731483F28A}.Release|Any CPU.ActiveCfg = Release|Any CPU
		{42989E61-DF4A-4A52-843B-69731483F28A}.Release|Any CPU.Build.0 = Release|Any CPU
	EndGlobalSection
EndGlobal
