
Microsoft Visual Studio Solution File, Format Version 12.00
# Visual Studio Version 17
VisualStudioVersion = 17.0.31903.59
MinimumVisualStudioVersion = 10.0.40219.1
Project("{2150E333-8FDC-42A3-9474-1A3956D46DE8}") = "src", "src", "{CAC273B1-230F-4869-B343-339FE104DF25}"
EndProject
Project("{F2A71F9B-5D33-465A-A702-920D77279786}") = "Tweed.Web", "src\Tweed.Web\Tweed.Web.fsproj", "{287C510D-1390-44DD-BF6E-52C0448FF927}"
EndProject
Global
	GlobalSection(SolutionConfigurationPlatforms) = preSolution
		Debug|Any CPU = Debug|Any CPU
		Release|Any CPU = Release|Any CPU
	EndGlobalSection
	GlobalSection(SolutionProperties) = preSolution
		HideSolutionNode = FALSE
	EndGlobalSection
	GlobalSection(ProjectConfigurationPlatforms) = postSolution
		{287C510D-1390-44DD-BF6E-52C0448FF927}.Debug|Any CPU.ActiveCfg = Debug|Any CPU
		{287C510D-1390-44DD-BF6E-52C0448FF927}.Debug|Any CPU.Build.0 = Debug|Any CPU
		{287C510D-1390-44DD-BF6E-52C0448FF927}.Release|Any CPU.ActiveCfg = Release|Any CPU
		{287C510D-1390-44DD-BF6E-52C0448FF927}.Release|Any CPU.Build.0 = Release|Any CPU
	EndGlobalSection
	GlobalSection(NestedProjects) = preSolution
		{287C510D-1390-44DD-BF6E-52C0448FF927} = {CAC273B1-230F-4869-B343-339FE104DF25}
	EndGlobalSection
EndGlobal
